
Microsoft Visual Studio Solution File, Format Version 12.00
# Visual Studio Version 17
VisualStudioVersion = 17.13.35825.156
MinimumVisualStudioVersion = 10.0.40219.1
Project("{FAE04EC0-301F-11D3-BF4B-00C04F79EFBC}") = "SignalRApi", "SignalRApi\SignalRApi.csproj", "{E5E44B7A-6401-4F0C-AEC7-996FF854C5FD}"
EndProject
Project("{FAE04EC0-301F-11D3-BF4B-00C04F79EFBC}") = "SignalRWebUI", "SignalRWebUI\SignalRWebUI.csproj", "{393F816C-BDE2-4827-B803-DC1205191516}"
EndProject
Project("{FAE04EC0-301F-11D3-BF4B-00C04F79EFBC}") = "SignalR.EntityLayer", "SignalR.EntityLayer\SignalR.EntityLayer.csproj", "{8006B452-0E21-4500-B1FB-EEC66763F327}"
EndProject
Global
	GlobalSection(SolutionConfigurationPlatforms) = preSolution
		Debug|Any CPU = Debug|Any CPU
		Release|Any CPU = Release|Any CPU
	EndGlobalSection
	GlobalSection(ProjectConfigurationPlatforms) = postSolution
		{E5E44B7A-6401-4F0C-AEC7-996FF854C5FD}.Debug|Any CPU.ActiveCfg = Debug|Any CPU
		{E5E44B7A-6401-4F0C-AEC7-996FF854C5FD}.Debug|Any CPU.Build.0 = Debug|Any CPU
		{E5E44B7A-6401-4F0C-AEC7-996FF854C5FD}.Release|Any CPU.ActiveCfg = Release|Any CPU
		{E5E44B7A-6401-4F0C-AEC7-996FF854C5FD}.Release|Any CPU.Build.0 = Release|Any CPU
		{393F816C-BDE2-4827-B803-DC1205191516}.Debug|Any CPU.ActiveCfg = Debug|Any CPU
		{393F816C-BDE2-4827-B803-DC1205191516}.Debug|Any CPU.Build.0 = Debug|Any CPU
		{393F816C-BDE2-4827-B803-DC1205191516}.Release|Any CPU.ActiveCfg = Release|Any CPU
		{393F816C-BDE2-4827-B803-DC1205191516}.Release|Any CPU.Build.0 = Release|Any CPU
		{8006B452-0E21-4500-B1FB-EEC66763F327}.Debug|Any CPU.ActiveCfg = Debug|Any CPU
		{8006B452-0E21-4500-B1FB-EEC66763F327}.Debug|Any CPU.Build.0 = Debug|Any CPU
		{8006B452-0E21-4500-B1FB-EEC66763F327}.Release|Any CPU.ActiveCfg = Release|Any CPU
		{8006B452-0E21-4500-B1FB-EEC66763F327}.Release|Any CPU.Build.0 = Release|Any CPU
	EndGlobalSection
	GlobalSection(SolutionProperties) = preSolution
		HideSolutionNode = FALSE
	EndGlobalSection
	GlobalSection(ExtensibilityGlobals) = postSolution
		SolutionGuid = {F2DF10AF-BF78-48E1-921C-D8066CF0FDA2}
	EndGlobalSection
EndGlobal
